
Microsoft Visual Studio Solution File, Format Version 12.00
# Visual Studio Version 17
VisualStudioVersion = 17.7.34031.279
MinimumVisualStudioVersion = 10.0.40219.1
Project("{FAE04EC0-301F-11D3-BF4B-00C04F79EFBC}") = "InlämingListUppgift1", "InlämingListUppgift1\InlämingListUppgift1.csproj", "{FD4047FC-663D-4B3F-83F5-3FAE467FC67F}"
EndProject
Global
	GlobalSection(SolutionConfigurationPlatforms) = preSolution
		Debug|Any CPU = Debug|Any CPU
		Release|Any CPU = Release|Any CPU
	EndGlobalSection
	GlobalSection(ProjectConfigurationPlatforms) = postSolution
		{FD4047FC-663D-4B3F-83F5-3FAE467FC67F}.Debug|Any CPU.ActiveCfg = Debug|Any CPU
		{FD4047FC-663D-4B3F-83F5-3FAE467FC67F}.Debug|Any CPU.Build.0 = Debug|Any CPU
		{FD4047FC-663D-4B3F-83F5-3FAE467FC67F}.Release|Any CPU.ActiveCfg = Release|Any CPU
		{FD4047FC-663D-4B3F-83F5-3FAE467FC67F}.Release|Any CPU.Build.0 = Release|Any CPU
	EndGlobalSection
	GlobalSection(SolutionProperties) = preSolution
		HideSolutionNode = FALSE
	EndGlobalSection
	GlobalSection(ExtensibilityGlobals) = postSolution
		SolutionGuid = {5312320F-8B78-47D4-B5D2-01BF5FE68316}
	EndGlobalSection
EndGlobal
